
Microsoft Visual Studio Solution File, Format Version 12.00
# Visual Studio Version 17
VisualStudioVersion = 17.0.31903.59
MinimumVisualStudioVersion = 10.0.40219.1
Project("{2150E333-8FDC-42A3-9474-1A3956D46DE8}") = "backend", "backend", "{1AE8ACA6-933B-BF2A-3671-3E2EAC007D16}"
EndProject
Project("{2150E333-8FDC-42A3-9474-1A3956D46DE8}") = "src", "src", "{0F9113EE-888A-26D2-68B0-4A7D0A2A8745}"
EndProject
Project("{FAE04EC0-301F-11D3-BF4B-00C04F79EFBC}") = "Quater.Backend.Api", "backend\src\Quater.Backend.Api\Quater.Backend.Api.csproj", "{0E8DF350-0328-4759-A9DD-765BB783DB18}"
EndProject
Project("{FAE04EC0-301F-11D3-BF4B-00C04F79EFBC}") = "Quater.Backend.Data", "backend\src\Quater.Backend.Data\Quater.Backend.Data.csproj", "{E61F4CE1-6D35-4133-94AE-6EC0E565252E}"
EndProject
Project("{FAE04EC0-301F-11D3-BF4B-00C04F79EFBC}") = "Quater.Backend.Core", "backend\src\Quater.Backend.Core\Quater.Backend.Core.csproj", "{A92FBE86-752C-4628-8684-F8E88A489167}"
EndProject
Project("{2150E333-8FDC-42A3-9474-1A3956D46DE8}") = "shared", "shared", "{4F52FD11-658E-A102-6CD3-7D7C16FFA15B}"
EndProject
Project("{FAE04EC0-301F-11D3-BF4B-00C04F79EFBC}") = "Quater.Shared", "shared\Quater.Shared.csproj", "{22CB3761-EAAB-4C8D-9C2F-946542B64BCD}"
EndProject
Project("{FAE04EC0-301F-11D3-BF4B-00C04F79EFBC}") = "Quater.Backend.Services", "backend\src\Quater.Backend.Services\Quater.Backend.Services.csproj", "{82345FEF-8F61-47DD-BFAA-F9A68578671A}"
EndProject
Project("{2150E333-8FDC-42A3-9474-1A3956D46DE8}") = "tests", "tests", "{F57642F3-C37C-D174-720E-6A6AAD5BEE22}"
EndProject
Project("{FAE04EC0-301F-11D3-BF4B-00C04F79EFBC}") = "Quater.Backend.Core.Tests", "backend\tests\Quater.Backend.Core.Tests\Quater.Backend.Core.Tests.csproj", "{91E19ED0-6FBA-4253-8A11-7863FCDC3830}"
EndProject
Global
	GlobalSection(SolutionConfigurationPlatforms) = preSolution
		Debug|Any CPU = Debug|Any CPU
		Debug|x64 = Debug|x64
		Debug|x86 = Debug|x86
		Release|Any CPU = Release|Any CPU
		Release|x64 = Release|x64
		Release|x86 = Release|x86
	EndGlobalSection
	GlobalSection(ProjectConfigurationPlatforms) = postSolution
		{0E8DF350-0328-4759-A9DD-765BB783DB18}.Debug|Any CPU.ActiveCfg = Debug|Any CPU
		{0E8DF350-0328-4759-A9DD-765BB783DB18}.Debug|Any CPU.Build.0 = Debug|Any CPU
		{0E8DF350-0328-4759-A9DD-765BB783DB18}.Debug|x64.ActiveCfg = Debug|Any CPU
		{0E8DF350-0328-4759-A9DD-765BB783DB18}.Debug|x64.Build.0 = Debug|Any CPU
		{0E8DF350-0328-4759-A9DD-765BB783DB18}.Debug|x86.ActiveCfg = Debug|Any CPU
		{0E8DF350-0328-4759-A9DD-765BB783DB18}.Debug|x86.Build.0 = Debug|Any CPU
		{0E8DF350-0328-4759-A9DD-765BB783DB18}.Release|Any CPU.ActiveCfg = Release|Any CPU
		{0E8DF350-0328-4759-A9DD-765BB783DB18}.Release|Any CPU.Build.0 = Release|Any CPU
		{0E8DF350-0328-4759-A9DD-765BB783DB18}.Release|x64.ActiveCfg = Release|Any CPU
		{0E8DF350-0328-4759-A9DD-765BB783DB18}.Release|x64.Build.0 = Release|Any CPU
		{0E8DF350-0328-4759-A9DD-765BB783DB18}.Release|x86.ActiveCfg = Release|Any CPU
		{0E8DF350-0328-4759-A9DD-765BB783DB18}.Release|x86.Build.0 = Release|Any CPU
		{E61F4CE1-6D35-4133-94AE-6EC0E565252E}.Debug|Any CPU.ActiveCfg = Debug|Any CPU
		{E61F4CE1-6D35-4133-94AE-6EC0E565252E}.Debug|Any CPU.Build.0 = Debug|Any CPU
		{E61F4CE1-6D35-4133-94AE-6EC0E565252E}.Debug|x64.ActiveCfg = Debug|Any CPU
		{E61F4CE1-6D35-4133-94AE-6EC0E565252E}.Debug|x64.Build.0 = Debug|Any CPU
		{E61F4CE1-6D35-4133-94AE-6EC0E565252E}.Debug|x86.ActiveCfg = Debug|Any CPU
		{E61F4CE1-6D35-4133-94AE-6EC0E565252E}.Debug|x86.Build.0 = Debug|Any CPU
		{E61F4CE1-6D35-4133-94AE-6EC0E565252E}.Release|Any CPU.ActiveCfg = Release|Any CPU
		{E61F4CE1-6D35-4133-94AE-6EC0E565252E}.Release|Any CPU.Build.0 = Release|Any CPU
		{E61F4CE1-6D35-4133-94AE-6EC0E565252E}.Release|x64.ActiveCfg = Release|Any CPU
		{E61F4CE1-6D35-4133-94AE-6EC0E565252E}.Release|x64.Build.0 = Release|Any CPU
		{E61F4CE1-6D35-4133-94AE-6EC0E565252E}.Release|x86.ActiveCfg = Release|Any CPU
		{E61F4CE1-6D35-4133-94AE-6EC0E565252E}.Release|x86.Build.0 = Release|Any CPU
		{A92FBE86-752C-4628-8684-F8E88A489167}.Debug|Any CPU.ActiveCfg = Debug|Any CPU
		{A92FBE86-752C-4628-8684-F8E88A489167}.Debug|Any CPU.Build.0 = Debug|Any CPU
		{A92FBE86-752C-4628-8684-F8E88A489167}.Debug|x64.ActiveCfg = Debug|Any CPU
		{A92FBE86-752C-4628-8684-F8E88A489167}.Debug|x64.Build.0 = Debug|Any CPU
		{A92FBE86-752C-4628-8684-F8E88A489167}.Debug|x86.ActiveCfg = Debug|Any CPU
		{A92FBE86-752C-4628-8684-F8E88A489167}.Debug|x86.Build.0 = Debug|Any CPU
		{A92FBE86-752C-4628-8684-F8E88A489167}.Release|Any CPU.ActiveCfg = Release|Any CPU
		{A92FBE86-752C-4628-8684-F8E88A489167}.Release|Any CPU.Build.0 = Release|Any CPU
		{A92FBE86-752C-4628-8684-F8E88A489167}.Release|x64.ActiveCfg = Release|Any CPU
		{A92FBE86-752C-4628-8684-F8E88A489167}.Release|x64.Build.0 = Release|Any CPU
		{A92FBE86-752C-4628-8684-F8E88A489167}.Release|x86.ActiveCfg = Release|Any CPU
		{A92FBE86-752C-4628-8684-F8E88A489167}.Release|x86.Build.0 = Release|Any CPU
		{22CB3761-EAAB-4C8D-9C2F-946542B64BCD}.Debug|Any CPU.ActiveCfg = Debug|Any CPU
		{22CB3761-EAAB-4C8D-9C2F-946542B64BCD}.Debug|Any CPU.Build.0 = Debug|Any CPU
		{22CB3761-EAAB-4C8D-9C2F-946542B64BCD}.Debug|x64.ActiveCfg = Debug|Any CPU
		{22CB3761-EAAB-4C8D-9C2F-946542B64BCD}.Debug|x64.Build.0 = Debug|Any CPU
		{22CB3761-EAAB-4C8D-9C2F-946542B64BCD}.Debug|x86.ActiveCfg = Debug|Any CPU
		{22CB3761-EAAB-4C8D-9C2F-946542B64BCD}.Debug|x86.Build.0 = Debug|Any CPU
		{22CB3761-EAAB-4C8D-9C2F-946542B64BCD}.Release|Any CPU.ActiveCfg = Release|Any CPU
		{22CB3761-EAAB-4C8D-9C2F-946542B64BCD}.Release|Any CPU.Build.0 = Release|Any CPU
		{22CB3761-EAAB-4C8D-9C2F-946542B64BCD}.Release|x64.ActiveCfg = Release|Any CPU
		{22CB3761-EAAB-4C8D-9C2F-946542B64BCD}.Release|x64.Build.0 = Release|Any CPU
		{22CB3761-EAAB-4C8D-9C2F-946542B64BCD}.Release|x86.ActiveCfg = Release|Any CPU
		{22CB3761-EAAB-4C8D-9C2F-946542B64BCD}.Release|x86.Build.0 = Release|Any CPU
		{82345FEF-8F61-47DD-BFAA-F9A68578671A}.Debug|Any CPU.ActiveCfg = Debug|Any CPU
		{82345FEF-8F61-47DD-BFAA-F9A68578671A}.Debug|Any CPU.Build.0 = Debug|Any CPU
		{82345FEF-8F61-47DD-BFAA-F9A68578671A}.Debug|x64.ActiveCfg = Debug|Any CPU
		{82345FEF-8F61-47DD-BFAA-F9A68578671A}.Debug|x64.Build.0 = Debug|Any CPU
		{82345FEF-8F61-47DD-BFAA-F9A68578671A}.Debug|x86.ActiveCfg = Debug|Any CPU
		{82345FEF-8F61-47DD-BFAA-F9A68578671A}.Debug|x86.Build.0 = Debug|Any CPU
		{82345FEF-8F61-47DD-BFAA-F9A68578671A}.Release|Any CPU.ActiveCfg = Release|Any CPU
		{82345FEF-8F61-47DD-BFAA-F9A68578671A}.Release|Any CPU.Build.0 = Release|Any CPU
		{82345FEF-8F61-47DD-BFAA-F9A68578671A}.Release|x64.ActiveCfg = Release|Any CPU
		{82345FEF-8F61-47DD-BFAA-F9A68578671A}.Release|x64.Build.0 = Release|Any CPU
		{82345FEF-8F61-47DD-BFAA-F9A68578671A}.Release|x86.ActiveCfg = Release|Any CPU
		{82345FEF-8F61-47DD-BFAA-F9A68578671A}.Release|x86.Build.0 = Release|Any CPU
		{91E19ED0-6FBA-4253-8A11-7863FCDC3830}.Debug|Any CPU.ActiveCfg = Debug|Any CPU
		{91E19ED0-6FBA-4253-8A11-7863FCDC3830}.Debug|Any CPU.Build.0 = Debug|Any CPU
		{91E19ED0-6FBA-4253-8A11-7863FCDC3830}.Debug|x64.ActiveCfg = Debug|Any CPU
		{91E19ED0-6FBA-4253-8A11-7863FCDC3830}.Debug|x64.Build.0 = Debug|Any CPU
		{91E19ED0-6FBA-4253-8A11-7863FCDC3830}.Debug|x86.ActiveCfg = Debug|Any CPU
		{91E19ED0-6FBA-4253-8A11-7863FCDC3830}.Debug|x86.Build.0 = Debug|Any CPU
		{91E19ED0-6FBA-4253-8A11-7863FCDC3830}.Release|Any CPU.ActiveCfg = Release|Any CPU
		{91E19ED0-6FBA-4253-8A11-7863FCDC3830}.Release|Any CPU.Build.0 = Release|Any CPU
		{91E19ED0-6FBA-4253-8A11-7863FCDC3830}.Release|x64.ActiveCfg = Release|Any CPU
		{91E19ED0-6FBA-4253-8A11-7863FCDC3830}.Release|x64.Build.0 = Release|Any CPU
		{91E19ED0-6FBA-4253-8A11-7863FCDC3830}.Release|x86.ActiveCfg = Release|Any CPU
		{91E19ED0-6FBA-4253-8A11-7863FCDC3830}.Release|x86.Build.0 = Release|Any CPU
	EndGlobalSection
	GlobalSection(SolutionProperties) = preSolution
		HideSolutionNode = FALSE
	EndGlobalSection
	GlobalSection(NestedProjects) = preSolution
		{0F9113EE-888A-26D2-68B0-4A7D0A2A8745} = {1AE8ACA6-933B-BF2A-3671-3E2EAC007D16}
		{0E8DF350-0328-4759-A9DD-765BB783DB18} = {0F9113EE-888A-26D2-68B0-4A7D0A2A8745}
		{E61F4CE1-6D35-4133-94AE-6EC0E565252E} = {0F9113EE-888A-26D2-68B0-4A7D0A2A8745}
		{A92FBE86-752C-4628-8684-F8E88A489167} = {0F9113EE-888A-26D2-68B0-4A7D0A2A8745}
		{22CB3761-EAAB-4C8D-9C2F-946542B64BCD} = {4F52FD11-658E-A102-6CD3-7D7C16FFA15B}
		{82345FEF-8F61-47DD-BFAA-F9A68578671A} = {0F9113EE-888A-26D2-68B0-4A7D0A2A8745}
		{F57642F3-C37C-D174-720E-6A6AAD5BEE22} = {1AE8ACA6-933B-BF2A-3671-3E2EAC007D16}
		{91E19ED0-6FBA-4253-8A11-7863FCDC3830} = {F57642F3-C37C-D174-720E-6A6AAD5BEE22}
	EndGlobalSection
EndGlobal
