
Microsoft Visual Studio Solution File, Format Version 12.00
# Visual Studio Version 17
VisualStudioVersion = 17.0.31903.59
MinimumVisualStudioVersion = 10.0.40219.1
Project("{2150E333-8FDC-42A3-9474-1A3956D46DE8}") = "src", "src", "{827E0CD3-B72D-47B6-A68D-7590B98EB39B}"
EndProject
Project("{FAE04EC0-301F-11D3-BF4B-00C04F79EFBC}") = "Quater.Backend.Api", "src\Quater.Backend.Api\Quater.Backend.Api.csproj", "{86AD8624-1173-41C7-B163-2C14461DFD43}"
EndProject
Project("{FAE04EC0-301F-11D3-BF4B-00C04F79EFBC}") = "Quater.Backend.Core", "src\Quater.Backend.Core\Quater.Backend.Core.csproj", "{4AACC9A2-D8F0-4061-9686-196A3D612DAB}"
EndProject
Project("{FAE04EC0-301F-11D3-BF4B-00C04F79EFBC}") = "Quater.Backend.Data", "src\Quater.Backend.Data\Quater.Backend.Data.csproj", "{1AB8EC8B-6608-4E26-93F3-E1A04AC3426B}"
EndProject
Project("{2150E333-8FDC-42A3-9474-1A3956D46DE8}") = "tests", "tests", "{0AB3BF05-4346-4AA6-1389-037BE0695223}"
EndProject
Project("{FAE04EC0-301F-11D3-BF4B-00C04F79EFBC}") = "Quater.Backend.Core.Tests", "tests\Quater.Backend.Core.Tests\Quater.Backend.Core.Tests.csproj", "{E09AF4D5-F41A-497B-8D3F-C68060F2A9DF}"
EndProject
Project("{FAE04EC0-301F-11D3-BF4B-00C04F79EFBC}") = "Quater.Backend.Services", "src\Quater.Backend.Services\Quater.Backend.Services.csproj", "{F80ABC40-FB17-403C-B8DC-7482566449F6}"
EndProject
Project("{FAE04EC0-301F-11D3-BF4B-00C04F79EFBC}") = "Quater.Shared", "..\shared\Quater.Shared.csproj", "{244493AF-A8AA-476E-BC23-E89A4482773D}"
EndProject
Project("{FAE04EC0-301F-11D3-BF4B-00C04F79EFBC}") = "Quater.Backend.Infrastructure.Email", "src\Quater.Backend.Infrastructure.Email\Quater.Backend.Infrastructure.Email.csproj", "{0F3D3A80-E8B3-4F14-9C6E-048F21992470}"
EndProject
Project("{FAE04EC0-301F-11D3-BF4B-00C04F79EFBC}") = "Quater.Backend.Api.Tests", "tests\Quater.Backend.Api.Tests\Quater.Backend.Api.Tests.csproj", "{21BC9955-D043-496C-A34C-DF53A18736D6}"
EndProject
Project("{2150E333-8FDC-42A3-9474-1A3956D46DE8}") = "tools", "tools", "{07C2787E-EAC7-C090-1BA3-A61EC2A24D84}"
EndProject
Project("{FAE04EC0-301F-11D3-BF4B-00C04F79EFBC}") = "Quater.Admin.Cli", "tools\Quater.Admin.Cli\Quater.Admin.Cli.csproj", "{396AB24D-491F-45FD-ABAE-0604F93C02B5}"
EndProject
Global
	GlobalSection(SolutionConfigurationPlatforms) = preSolution
		Debug|Any CPU = Debug|Any CPU
		Debug|x64 = Debug|x64
		Debug|x86 = Debug|x86
		Release|Any CPU = Release|Any CPU
		Release|x64 = Release|x64
		Release|x86 = Release|x86
	EndGlobalSection
	GlobalSection(ProjectConfigurationPlatforms) = postSolution
		{86AD8624-1173-41C7-B163-2C14461DFD43}.Debug|Any CPU.ActiveCfg = Debug|Any CPU
		{86AD8624-1173-41C7-B163-2C14461DFD43}.Debug|Any CPU.Build.0 = Debug|Any CPU
		{86AD8624-1173-41C7-B163-2C14461DFD43}.Debug|x64.ActiveCfg = Debug|Any CPU
		{86AD8624-1173-41C7-B163-2C14461DFD43}.Debug|x64.Build.0 = Debug|Any CPU
		{86AD8624-1173-41C7-B163-2C14461DFD43}.Debug|x86.ActiveCfg = Debug|Any CPU
		{86AD8624-1173-41C7-B163-2C14461DFD43}.Debug|x86.Build.0 = Debug|Any CPU
		{86AD8624-1173-41C7-B163-2C14461DFD43}.Release|Any CPU.ActiveCfg = Release|Any CPU
		{86AD8624-1173-41C7-B163-2C14461DFD43}.Release|Any CPU.Build.0 = Release|Any CPU
		{86AD8624-1173-41C7-B163-2C14461DFD43}.Release|x64.ActiveCfg = Release|Any CPU
		{86AD8624-1173-41C7-B163-2C14461DFD43}.Release|x64.Build.0 = Release|Any CPU
		{86AD8624-1173-41C7-B163-2C14461DFD43}.Release|x86.ActiveCfg = Release|Any CPU
		{86AD8624-1173-41C7-B163-2C14461DFD43}.Release|x86.Build.0 = Release|Any CPU
		{4AACC9A2-D8F0-4061-9686-196A3D612DAB}.Debug|Any CPU.ActiveCfg = Debug|Any CPU
		{4AACC9A2-D8F0-4061-9686-196A3D612DAB}.Debug|Any CPU.Build.0 = Debug|Any CPU
		{4AACC9A2-D8F0-4061-9686-196A3D612DAB}.Debug|x64.ActiveCfg = Debug|Any CPU
		{4AACC9A2-D8F0-4061-9686-196A3D612DAB}.Debug|x64.Build.0 = Debug|Any CPU
		{4AACC9A2-D8F0-4061-9686-196A3D612DAB}.Debug|x86.ActiveCfg = Debug|Any CPU
		{4AACC9A2-D8F0-4061-9686-196A3D612DAB}.Debug|x86.Build.0 = Debug|Any CPU
		{4AACC9A2-D8F0-4061-9686-196A3D612DAB}.Release|Any CPU.ActiveCfg = Release|Any CPU
		{4AACC9A2-D8F0-4061-9686-196A3D612DAB}.Release|Any CPU.Build.0 = Release|Any CPU
		{4AACC9A2-D8F0-4061-9686-196A3D612DAB}.Release|x64.ActiveCfg = Release|Any CPU
		{4AACC9A2-D8F0-4061-9686-196A3D612DAB}.Release|x64.Build.0 = Release|Any CPU
		{4AACC9A2-D8F0-4061-9686-196A3D612DAB}.Release|x86.ActiveCfg = Release|Any CPU
		{4AACC9A2-D8F0-4061-9686-196A3D612DAB}.Release|x86.Build.0 = Release|Any CPU
		{1AB8EC8B-6608-4E26-93F3-E1A04AC3426B}.Debug|Any CPU.ActiveCfg = Debug|Any CPU
		{1AB8EC8B-6608-4E26-93F3-E1A04AC3426B}.Debug|Any CPU.Build.0 = Debug|Any CPU
		{1AB8EC8B-6608-4E26-93F3-E1A04AC3426B}.Debug|x64.ActiveCfg = Debug|Any CPU
		{1AB8EC8B-6608-4E26-93F3-E1A04AC3426B}.Debug|x64.Build.0 = Debug|Any CPU
		{1AB8EC8B-6608-4E26-93F3-E1A04AC3426B}.Debug|x86.ActiveCfg = Debug|Any CPU
		{1AB8EC8B-6608-4E26-93F3-E1A04AC3426B}.Debug|x86.Build.0 = Debug|Any CPU
		{1AB8EC8B-6608-4E26-93F3-E1A04AC3426B}.Release|Any CPU.ActiveCfg = Release|Any CPU
		{1AB8EC8B-6608-4E26-93F3-E1A04AC3426B}.Release|Any CPU.Build.0 = Release|Any CPU
		{1AB8EC8B-6608-4E26-93F3-E1A04AC3426B}.Release|x64.ActiveCfg = Release|Any CPU
		{1AB8EC8B-6608-4E26-93F3-E1A04AC3426B}.Release|x64.Build.0 = Release|Any CPU
		{1AB8EC8B-6608-4E26-93F3-E1A04AC3426B}.Release|x86.ActiveCfg = Release|Any CPU
		{1AB8EC8B-6608-4E26-93F3-E1A04AC3426B}.Release|x86.Build.0 = Release|Any CPU
		{E09AF4D5-F41A-497B-8D3F-C68060F2A9DF}.Debug|Any CPU.ActiveCfg = Debug|Any CPU
		{E09AF4D5-F41A-497B-8D3F-C68060F2A9DF}.Debug|Any CPU.Build.0 = Debug|Any CPU
		{E09AF4D5-F41A-497B-8D3F-C68060F2A9DF}.Debug|x64.ActiveCfg = Debug|Any CPU
		{E09AF4D5-F41A-497B-8D3F-C68060F2A9DF}.Debug|x64.Build.0 = Debug|Any CPU
		{E09AF4D5-F41A-497B-8D3F-C68060F2A9DF}.Debug|x86.ActiveCfg = Debug|Any CPU
		{E09AF4D5-F41A-497B-8D3F-C68060F2A9DF}.Debug|x86.Build.0 = Debug|Any CPU
		{E09AF4D5-F41A-497B-8D3F-C68060F2A9DF}.Release|Any CPU.ActiveCfg = Release|Any CPU
		{E09AF4D5-F41A-497B-8D3F-C68060F2A9DF}.Release|Any CPU.Build.0 = Release|Any CPU
		{E09AF4D5-F41A-497B-8D3F-C68060F2A9DF}.Release|x64.ActiveCfg = Release|Any CPU
		{E09AF4D5-F41A-497B-8D3F-C68060F2A9DF}.Release|x64.Build.0 = Release|Any CPU
		{E09AF4D5-F41A-497B-8D3F-C68060F2A9DF}.Release|x86.ActiveCfg = Release|Any CPU
		{E09AF4D5-F41A-497B-8D3F-C68060F2A9DF}.Release|x86.Build.0 = Release|Any CPU
		{F80ABC40-FB17-403C-B8DC-7482566449F6}.Debug|Any CPU.ActiveCfg = Debug|Any CPU
		{F80ABC40-FB17-403C-B8DC-7482566449F6}.Debug|Any CPU.Build.0 = Debug|Any CPU
		{F80ABC40-FB17-403C-B8DC-7482566449F6}.Debug|x64.ActiveCfg = Debug|Any CPU
		{F80ABC40-FB17-403C-B8DC-7482566449F6}.Debug|x64.Build.0 = Debug|Any CPU
		{F80ABC40-FB17-403C-B8DC-7482566449F6}.Debug|x86.ActiveCfg = Debug|Any CPU
		{F80ABC40-FB17-403C-B8DC-7482566449F6}.Debug|x86.Build.0 = Debug|Any CPU
		{F80ABC40-FB17-403C-B8DC-7482566449F6}.Release|Any CPU.ActiveCfg = Release|Any CPU
		{F80ABC40-FB17-403C-B8DC-7482566449F6}.Release|Any CPU.Build.0 = Release|Any CPU
		{F80ABC40-FB17-403C-B8DC-7482566449F6}.Release|x64.ActiveCfg = Release|Any CPU
		{F80ABC40-FB17-403C-B8DC-7482566449F6}.Release|x64.Build.0 = Release|Any CPU
		{F80ABC40-FB17-403C-B8DC-7482566449F6}.Release|x86.ActiveCfg = Release|Any CPU
		{F80ABC40-FB17-403C-B8DC-7482566449F6}.Release|x86.Build.0 = Release|Any CPU
		{244493AF-A8AA-476E-BC23-E89A4482773D}.Debug|Any CPU.ActiveCfg = Debug|Any CPU
		{244493AF-A8AA-476E-BC23-E89A4482773D}.Debug|Any CPU.Build.0 = Debug|Any CPU
		{244493AF-A8AA-476E-BC23-E89A4482773D}.Debug|x64.ActiveCfg = Debug|Any CPU
		{244493AF-A8AA-476E-BC23-E89A4482773D}.Debug|x64.Build.0 = Debug|Any CPU
		{244493AF-A8AA-476E-BC23-E89A4482773D}.Debug|x86.ActiveCfg = Debug|Any CPU
		{244493AF-A8AA-476E-BC23-E89A4482773D}.Debug|x86.Build.0 = Debug|Any CPU
		{244493AF-A8AA-476E-BC23-E89A4482773D}.Release|Any CPU.ActiveCfg = Release|Any CPU
		{244493AF-A8AA-476E-BC23-E89A4482773D}.Release|Any CPU.Build.0 = Release|Any CPU
		{244493AF-A8AA-476E-BC23-E89A4482773D}.Release|x64.ActiveCfg = Release|Any CPU
		{244493AF-A8AA-476E-BC23-E89A4482773D}.Release|x64.Build.0 = Release|Any CPU
		{244493AF-A8AA-476E-BC23-E89A4482773D}.Release|x86.ActiveCfg = Release|Any CPU
		{244493AF-A8AA-476E-BC23-E89A4482773D}.Release|x86.Build.0 = Release|Any CPU
		{0F3D3A80-E8B3-4F14-9C6E-048F21992470}.Debug|Any CPU.ActiveCfg = Debug|Any CPU
		{0F3D3A80-E8B3-4F14-9C6E-048F21992470}.Debug|Any CPU.Build.0 = Debug|Any CPU
		{0F3D3A80-E8B3-4F14-9C6E-048F21992470}.Debug|x64.ActiveCfg = Debug|Any CPU
		{0F3D3A80-E8B3-4F14-9C6E-048F21992470}.Debug|x64.Build.0 = Debug|Any CPU
		{0F3D3A80-E8B3-4F14-9C6E-048F21992470}.Debug|x86.ActiveCfg = Debug|Any CPU
		{0F3D3A80-E8B3-4F14-9C6E-048F21992470}.Debug|x86.Build.0 = Debug|Any CPU
		{0F3D3A80-E8B3-4F14-9C6E-048F21992470}.Release|Any CPU.ActiveCfg = Release|Any CPU
		{0F3D3A80-E8B3-4F14-9C6E-048F21992470}.Release|Any CPU.Build.0 = Release|Any CPU
		{0F3D3A80-E8B3-4F14-9C6E-048F21992470}.Release|x64.ActiveCfg = Release|Any CPU
		{0F3D3A80-E8B3-4F14-9C6E-048F21992470}.Release|x64.Build.0 = Release|Any CPU
		{0F3D3A80-E8B3-4F14-9C6E-048F21992470}.Release|x86.ActiveCfg = Release|Any CPU
		{0F3D3A80-E8B3-4F14-9C6E-048F21992470}.Release|x86.Build.0 = Release|Any CPU
		{21BC9955-D043-496C-A34C-DF53A18736D6}.Debug|Any CPU.ActiveCfg = Debug|Any CPU
		{21BC9955-D043-496C-A34C-DF53A18736D6}.Debug|Any CPU.Build.0 = Debug|Any CPU
		{21BC9955-D043-496C-A34C-DF53A18736D6}.Debug|x64.ActiveCfg = Debug|Any CPU
		{21BC9955-D043-496C-A34C-DF53A18736D6}.Debug|x64.Build.0 = Debug|Any CPU
		{21BC9955-D043-496C-A34C-DF53A18736D6}.Debug|x86.ActiveCfg = Debug|Any CPU
		{21BC9955-D043-496C-A34C-DF53A18736D6}.Debug|x86.Build.0 = Debug|Any CPU
		{21BC9955-D043-496C-A34C-DF53A18736D6}.Release|Any CPU.ActiveCfg = Release|Any CPU
		{21BC9955-D043-496C-A34C-DF53A18736D6}.Release|Any CPU.Build.0 = Release|Any CPU
		{21BC9955-D043-496C-A34C-DF53A18736D6}.Release|x64.ActiveCfg = Release|Any CPU
		{21BC9955-D043-496C-A34C-DF53A18736D6}.Release|x64.Build.0 = Release|Any CPU
		{21BC9955-D043-496C-A34C-DF53A18736D6}.Release|x86.ActiveCfg = Release|Any CPU
		{21BC9955-D043-496C-A34C-DF53A18736D6}.Release|x86.Build.0 = Release|Any CPU
		{396AB24D-491F-45FD-ABAE-0604F93C02B5}.Debug|Any CPU.ActiveCfg = Debug|Any CPU
		{396AB24D-491F-45FD-ABAE-0604F93C02B5}.Debug|Any CPU.Build.0 = Debug|Any CPU
		{396AB24D-491F-45FD-ABAE-0604F93C02B5}.Debug|x64.ActiveCfg = Debug|Any CPU
		{396AB24D-491F-45FD-ABAE-0604F93C02B5}.Debug|x64.Build.0 = Debug|Any CPU
		{396AB24D-491F-45FD-ABAE-0604F93C02B5}.Debug|x86.ActiveCfg = Debug|Any CPU
		{396AB24D-491F-45FD-ABAE-0604F93C02B5}.Debug|x86.Build.0 = Debug|Any CPU
		{396AB24D-491F-45FD-ABAE-0604F93C02B5}.Release|Any CPU.ActiveCfg = Release|Any CPU
		{396AB24D-491F-45FD-ABAE-0604F93C02B5}.Release|Any CPU.Build.0 = Release|Any CPU
		{396AB24D-491F-45FD-ABAE-0604F93C02B5}.Release|x64.ActiveCfg = Release|Any CPU
		{396AB24D-491F-45FD-ABAE-0604F93C02B5}.Release|x64.Build.0 = Release|Any CPU
		{396AB24D-491F-45FD-ABAE-0604F93C02B5}.Release|x86.ActiveCfg = Release|Any CPU
		{396AB24D-491F-45FD-ABAE-0604F93C02B5}.Release|x86.Build.0 = Release|Any CPU
	EndGlobalSection
	GlobalSection(SolutionProperties) = preSolution
		HideSolutionNode = FALSE
	EndGlobalSection
	GlobalSection(NestedProjects) = preSolution
		{86AD8624-1173-41C7-B163-2C14461DFD43} = {827E0CD3-B72D-47B6-A68D-7590B98EB39B}
		{4AACC9A2-D8F0-4061-9686-196A3D612DAB} = {827E0CD3-B72D-47B6-A68D-7590B98EB39B}
		{1AB8EC8B-6608-4E26-93F3-E1A04AC3426B} = {827E0CD3-B72D-47B6-A68D-7590B98EB39B}
		{E09AF4D5-F41A-497B-8D3F-C68060F2A9DF} = {0AB3BF05-4346-4AA6-1389-037BE0695223}
		{F80ABC40-FB17-403C-B8DC-7482566449F6} = {827E0CD3-B72D-47B6-A68D-7590B98EB39B}
		{0F3D3A80-E8B3-4F14-9C6E-048F21992470} = {827E0CD3-B72D-47B6-A68D-7590B98EB39B}
		{21BC9955-D043-496C-A34C-DF53A18736D6} = {0AB3BF05-4346-4AA6-1389-037BE0695223}
		{396AB24D-491F-45FD-ABAE-0604F93C02B5} = {07C2787E-EAC7-C090-1BA3-A61EC2A24D84}
	EndGlobalSection
EndGlobal
